
Microsoft Visual Studio Solution File, Format Version 12.00
# Visual Studio Version 17
VisualStudioVersion = 17.3.32811.315
MinimumVisualStudioVersion = 10.0.40219.1
Project("{9A19103F-16F7-4668-BE54-9A1E7A4F7556}") = "brokenHeart", "brokenHeart\brokenHeart.csproj", "{65BAEB66-8C7D-42EB-9C4A-DE3F348B6F48}"
	ProjectSection(ProjectDependencies) = postProject
		{61C909FD-88EC-43DF-B3D1-C8BE87B3A96A} = {61C909FD-88EC-43DF-B3D1-C8BE87B3A96A}
		{91AE7BF2-8ECC-4E3D-BF29-EE6F6A4B0421} = {91AE7BF2-8ECC-4E3D-BF29-EE6F6A4B0421}
		{EA56B970-3C1B-4A2C-B583-632B2DE33A77} = {EA56B970-3C1B-4A2C-B583-632B2DE33A77}
	EndProjectSection
EndProject
Project("{2150E333-8FDC-42A3-9474-1A3956D46DE8}") = "Solution Items", "Solution Items", "{194C4B95-05BF-4268-AB8C-636257BAA4F6}"
	ProjectSection(SolutionItems) = preProject
		.editorconfig = .editorconfig
	EndProjectSection
EndProject
Project("{9A19103F-16F7-4668-BE54-9A1E7A4F7556}") = "brokenHeart.Database", "brokenHeart.Database\brokenHeart.Database.csproj", "{91AE7BF2-8ECC-4E3D-BF29-EE6F6A4B0421}"
EndProject
Project("{9A19103F-16F7-4668-BE54-9A1E7A4F7556}") = "brokenHeart.Authentication", "brokenHeart.Authentication\brokenHeart.Authentication.csproj", "{4396E47F-BB4A-4C0A-86ED-9AA68C35CE45}"
EndProject
Project("{9A19103F-16F7-4668-BE54-9A1E7A4F7556}") = "brokenHeart.Models", "brokenHeart.Models\brokenHeart.Models.csproj", "{61C909FD-88EC-43DF-B3D1-C8BE87B3A96A}"
EndProject
Project("{9A19103F-16F7-4668-BE54-9A1E7A4F7556}") = "brokenHeart.Services", "brokenHeart.Services\brokenHeart.Services.csproj", "{1FCE0409-10E1-4B18-B470-619C2CD5C222}"
	ProjectSection(ProjectDependencies) = postProject
		{61C909FD-88EC-43DF-B3D1-C8BE87B3A96A} = {61C909FD-88EC-43DF-B3D1-C8BE87B3A96A}
	EndProjectSection
EndProject
Project("{9A19103F-16F7-4668-BE54-9A1E7A4F7556}") = "brokenHeart.Endpoints", "brokenHeart.Endpoints\brokenHeart.Endpoints.csproj", "{EA56B970-3C1B-4A2C-B583-632B2DE33A77}"
EndProject
Global
	GlobalSection(SolutionConfigurationPlatforms) = preSolution
		Debug|Any CPU = Debug|Any CPU
		Release|Any CPU = Release|Any CPU
	EndGlobalSection
	GlobalSection(ProjectConfigurationPlatforms) = postSolution
		{65BAEB66-8C7D-42EB-9C4A-DE3F348B6F48}.Debug|Any CPU.ActiveCfg = Debug|Any CPU
		{65BAEB66-8C7D-42EB-9C4A-DE3F348B6F48}.Debug|Any CPU.Build.0 = Debug|Any CPU
		{65BAEB66-8C7D-42EB-9C4A-DE3F348B6F48}.Release|Any CPU.ActiveCfg = Release|Any CPU
		{65BAEB66-8C7D-42EB-9C4A-DE3F348B6F48}.Release|Any CPU.Build.0 = Release|Any CPU
		{91AE7BF2-8ECC-4E3D-BF29-EE6F6A4B0421}.Debug|Any CPU.ActiveCfg = Debug|Any CPU
		{91AE7BF2-8ECC-4E3D-BF29-EE6F6A4B0421}.Debug|Any CPU.Build.0 = Debug|Any CPU
		{91AE7BF2-8ECC-4E3D-BF29-EE6F6A4B0421}.Release|Any CPU.ActiveCfg = Release|Any CPU
		{91AE7BF2-8ECC-4E3D-BF29-EE6F6A4B0421}.Release|Any CPU.Build.0 = Release|Any CPU
		{4396E47F-BB4A-4C0A-86ED-9AA68C35CE45}.Debug|Any CPU.ActiveCfg = Debug|Any CPU
		{4396E47F-BB4A-4C0A-86ED-9AA68C35CE45}.Debug|Any CPU.Build.0 = Debug|Any CPU
		{4396E47F-BB4A-4C0A-86ED-9AA68C35CE45}.Release|Any CPU.ActiveCfg = Release|Any CPU
		{4396E47F-BB4A-4C0A-86ED-9AA68C35CE45}.Release|Any CPU.Build.0 = Release|Any CPU
		{61C909FD-88EC-43DF-B3D1-C8BE87B3A96A}.Debug|Any CPU.ActiveCfg = Debug|Any CPU
		{61C909FD-88EC-43DF-B3D1-C8BE87B3A96A}.Debug|Any CPU.Build.0 = Debug|Any CPU
		{61C909FD-88EC-43DF-B3D1-C8BE87B3A96A}.Release|Any CPU.ActiveCfg = Release|Any CPU
		{61C909FD-88EC-43DF-B3D1-C8BE87B3A96A}.Release|Any CPU.Build.0 = Release|Any CPU
		{1FCE0409-10E1-4B18-B470-619C2CD5C222}.Debug|Any CPU.ActiveCfg = Debug|Any CPU
		{1FCE0409-10E1-4B18-B470-619C2CD5C222}.Debug|Any CPU.Build.0 = Debug|Any CPU
		{1FCE0409-10E1-4B18-B470-619C2CD5C222}.Release|Any CPU.ActiveCfg = Release|Any CPU
		{1FCE0409-10E1-4B18-B470-619C2CD5C222}.Release|Any CPU.Build.0 = Release|Any CPU
		{EA56B970-3C1B-4A2C-B583-632B2DE33A77}.Debug|Any CPU.ActiveCfg = Debug|Any CPU
		{EA56B970-3C1B-4A2C-B583-632B2DE33A77}.Debug|Any CPU.Build.0 = Debug|Any CPU
		{EA56B970-3C1B-4A2C-B583-632B2DE33A77}.Release|Any CPU.ActiveCfg = Release|Any CPU
		{EA56B970-3C1B-4A2C-B583-632B2DE33A77}.Release|Any CPU.Build.0 = Release|Any CPU
	EndGlobalSection
	GlobalSection(SolutionProperties) = preSolution
		HideSolutionNode = FALSE
	EndGlobalSection
	GlobalSection(ExtensibilityGlobals) = postSolution
		SolutionGuid = {EBFB8BCA-C072-45DD-942F-DB6D84E9983A}
	EndGlobalSection
EndGlobal
